
Microsoft Visual Studio Solution File, Format Version 12.00
# Visual Studio Version 16
VisualStudioVersion = 16.0.29102.190
MinimumVisualStudioVersion = 10.0.40219.1
Project("{9A19103F-16F7-4668-BE54-9A1E7A4F7556}") = "HtmlPageParser", "HtmlPageParser\HtmlPageParser.csproj", "{A70D3FC4-44D7-408E-BF85-C3762C145600}"
EndProject
Project("{FAE04EC0-301F-11D3-BF4B-00C04F79EFBC}") = "HtmlPageParserTest", "HtmlPageParserTest\HtmlPageParserTest.csproj", "{F17B20FD-4198-4E5D-BA6C-2EB8847FD1CA}"
EndProject
Project("{9A19103F-16F7-4668-BE54-9A1E7A4F7556}") = "FencingDataModels", "FencingDataModels\FencingDataModels.csproj", "{118C8607-A13C-49BF-9F9E-EB7FB74560C4}"
EndProject
Project("{FAE04EC0-301F-11D3-BF4B-00C04F79EFBC}") = "FencingResultsIntoElasticsearch", "FencingResultsIntoElasticsearch\FencingResultsIntoElasticsearch.csproj", "{78F3101E-F6FE-403A-B627-E976824D3B4D}"
EndProject
Project("{FAE04EC0-301F-11D3-BF4B-00C04F79EFBC}") = "FencingResultsIntoElasticsearchTest", "FencingResultsIntoElasticsearchTest\FencingResultsIntoElasticsearchTest.csproj", "{2C7845E4-DFA5-4FF5-894A-3ADD9C08BA05}"
EndProject
Project("{FAE04EC0-301F-11D3-BF4B-00C04F79EFBC}") = "RestUtilities", "RestUtilities\RestUtilities.csproj", "{3054F2A4-4E66-491E-97D5-B14B576C95A6}"
EndProject
Project("{FAE04EC0-301F-11D3-BF4B-00C04F79EFBC}") = "RestUtilitiesTest", "RestUtilitiesTest\RestUtilitiesTest.csproj", "{2C02653E-D0C2-427B-86FE-2BBC566ECCC7}"
EndProject
Project("{FAE04EC0-301F-11D3-BF4B-00C04F79EFBC}") = "FencingTournamentResultsXmlParser", "FencingTounamentResultsXmlParser\FencingTournamentResultsXmlParser.csproj", "{66AE0BD6-0BB1-4557-B204-D93B3457B217}"
EndProject
Project("{FAE04EC0-301F-11D3-BF4B-00C04F79EFBC}") = "FencingTournamentResultsXmlParserTest", "FencingTournamentResultsXmlParserTest\FencingTournamentResultsXmlParserTest.csproj", "{0B2131DD-3B2C-4D29-A663-DD105C6978BA}"
EndProject
Global
	GlobalSection(SolutionConfigurationPlatforms) = preSolution
		Debug|Any CPU = Debug|Any CPU
		Release|Any CPU = Release|Any CPU
	EndGlobalSection
	GlobalSection(ProjectConfigurationPlatforms) = postSolution
		{A70D3FC4-44D7-408E-BF85-C3762C145600}.Debug|Any CPU.ActiveCfg = Debug|Any CPU
		{A70D3FC4-44D7-408E-BF85-C3762C145600}.Debug|Any CPU.Build.0 = Debug|Any CPU
		{A70D3FC4-44D7-408E-BF85-C3762C145600}.Release|Any CPU.ActiveCfg = Release|Any CPU
		{A70D3FC4-44D7-408E-BF85-C3762C145600}.Release|Any CPU.Build.0 = Release|Any CPU
		{F17B20FD-4198-4E5D-BA6C-2EB8847FD1CA}.Debug|Any CPU.ActiveCfg = Debug|Any CPU
		{F17B20FD-4198-4E5D-BA6C-2EB8847FD1CA}.Debug|Any CPU.Build.0 = Debug|Any CPU
		{F17B20FD-4198-4E5D-BA6C-2EB8847FD1CA}.Release|Any CPU.ActiveCfg = Release|Any CPU
		{F17B20FD-4198-4E5D-BA6C-2EB8847FD1CA}.Release|Any CPU.Build.0 = Release|Any CPU
		{118C8607-A13C-49BF-9F9E-EB7FB74560C4}.Debug|Any CPU.ActiveCfg = Debug|Any CPU
		{118C8607-A13C-49BF-9F9E-EB7FB74560C4}.Debug|Any CPU.Build.0 = Debug|Any CPU
		{118C8607-A13C-49BF-9F9E-EB7FB74560C4}.Release|Any CPU.ActiveCfg = Release|Any CPU
		{118C8607-A13C-49BF-9F9E-EB7FB74560C4}.Release|Any CPU.Build.0 = Release|Any CPU
		{78F3101E-F6FE-403A-B627-E976824D3B4D}.Debug|Any CPU.ActiveCfg = Debug|Any CPU
		{78F3101E-F6FE-403A-B627-E976824D3B4D}.Debug|Any CPU.Build.0 = Debug|Any CPU
		{78F3101E-F6FE-403A-B627-E976824D3B4D}.Release|Any CPU.ActiveCfg = Release|Any CPU
		{78F3101E-F6FE-403A-B627-E976824D3B4D}.Release|Any CPU.Build.0 = Release|Any CPU
		{2C7845E4-DFA5-4FF5-894A-3ADD9C08BA05}.Debug|Any CPU.ActiveCfg = Debug|Any CPU
		{2C7845E4-DFA5-4FF5-894A-3ADD9C08BA05}.Debug|Any CPU.Build.0 = Debug|Any CPU
		{2C7845E4-DFA5-4FF5-894A-3ADD9C08BA05}.Release|Any CPU.ActiveCfg = Release|Any CPU
		{2C7845E4-DFA5-4FF5-894A-3ADD9C08BA05}.Release|Any CPU.Build.0 = Release|Any CPU
		{3054F2A4-4E66-491E-97D5-B14B576C95A6}.Debug|Any CPU.ActiveCfg = Debug|Any CPU
		{3054F2A4-4E66-491E-97D5-B14B576C95A6}.Debug|Any CPU.Build.0 = Debug|Any CPU
		{3054F2A4-4E66-491E-97D5-B14B576C95A6}.Release|Any CPU.ActiveCfg = Release|Any CPU
		{3054F2A4-4E66-491E-97D5-B14B576C95A6}.Release|Any CPU.Build.0 = Release|Any CPU
		{2C02653E-D0C2-427B-86FE-2BBC566ECCC7}.Debug|Any CPU.ActiveCfg = Debug|Any CPU
		{2C02653E-D0C2-427B-86FE-2BBC566ECCC7}.Debug|Any CPU.Build.0 = Debug|Any CPU
		{2C02653E-D0C2-427B-86FE-2BBC566ECCC7}.Release|Any CPU.ActiveCfg = Release|Any CPU
		{2C02653E-D0C2-427B-86FE-2BBC566ECCC7}.Release|Any CPU.Build.0 = Release|Any CPU
		{66AE0BD6-0BB1-4557-B204-D93B3457B217}.Debug|Any CPU.ActiveCfg = Debug|Any CPU
		{66AE0BD6-0BB1-4557-B204-D93B3457B217}.Debug|Any CPU.Build.0 = Debug|Any CPU
		{66AE0BD6-0BB1-4557-B204-D93B3457B217}.Release|Any CPU.ActiveCfg = Release|Any CPU
		{66AE0BD6-0BB1-4557-B204-D93B3457B217}.Release|Any CPU.Build.0 = Release|Any CPU
		{0B2131DD-3B2C-4D29-A663-DD105C6978BA}.Debug|Any CPU.ActiveCfg = Debug|Any CPU
		{0B2131DD-3B2C-4D29-A663-DD105C6978BA}.Debug|Any CPU.Build.0 = Debug|Any CPU
		{0B2131DD-3B2C-4D29-A663-DD105C6978BA}.Release|Any CPU.ActiveCfg = Release|Any CPU
		{0B2131DD-3B2C-4D29-A663-DD105C6978BA}.Release|Any CPU.Build.0 = Release|Any CPU
	EndGlobalSection
	GlobalSection(SolutionProperties) = preSolution
		HideSolutionNode = FALSE
	EndGlobalSection
	GlobalSection(ExtensibilityGlobals) = postSolution
		SolutionGuid = {B19A7011-8ECF-424A-8F7C-9C030915290F}
	EndGlobalSection
EndGlobal
